
Microsoft Visual Studio Solution File, Format Version 12.00
# Visual Studio Version 17
VisualStudioVersion = 17.0.31903.59
MinimumVisualStudioVersion = 10.0.40219.1
Project("{2150E333-8FDC-42A3-9474-1A3956D46DE8}") = "001-connect", "001-connect", "{2C0368FC-B8E0-BC35-77FC-7299F81CA8C6}"
EndProject
Project("{FAE04EC0-301F-11D3-BF4B-00C04F79EFBC}") = "Microsoft.Samples.SQLDatabaseEngine.Connect", "001-connect\Microsoft.Samples.SQLDatabaseEngine.Connect.csproj", "{0DE65573-3730-4061-9419-F4F9D447DC02}"
EndProject
Global
	GlobalSection(SolutionConfigurationPlatforms) = preSolution
		Debug|Any CPU = Debug|Any CPU
		Debug|x64 = Debug|x64
		Debug|x86 = Debug|x86
		Release|Any CPU = Release|Any CPU
		Release|x64 = Release|x64
		Release|x86 = Release|x86
	EndGlobalSection
	GlobalSection(ProjectConfigurationPlatforms) = postSolution
		{0DE65573-3730-4061-9419-F4F9D447DC02}.Debug|Any CPU.ActiveCfg = Debug|Any CPU
		{0DE65573-3730-4061-9419-F4F9D447DC02}.Debug|Any CPU.Build.0 = Debug|Any CPU
		{0DE65573-3730-4061-9419-F4F9D447DC02}.Debug|x64.ActiveCfg = Debug|Any CPU
		{0DE65573-3730-4061-9419-F4F9D447DC02}.Debug|x64.Build.0 = Debug|Any CPU
		{0DE65573-3730-4061-9419-F4F9D447DC02}.Debug|x86.ActiveCfg = Debug|Any CPU
		{0DE65573-3730-4061-9419-F4F9D447DC02}.Debug|x86.Build.0 = Debug|Any CPU
		{0DE65573-3730-4061-9419-F4F9D447DC02}.Release|Any CPU.ActiveCfg = Release|Any CPU
		{0DE65573-3730-4061-9419-F4F9D447DC02}.Release|Any CPU.Build.0 = Release|Any CPU
		{0DE65573-3730-4061-9419-F4F9D447DC02}.Release|x64.ActiveCfg = Release|Any CPU
		{0DE65573-3730-4061-9419-F4F9D447DC02}.Release|x64.Build.0 = Release|Any CPU
		{0DE65573-3730-4061-9419-F4F9D447DC02}.Release|x86.ActiveCfg = Release|Any CPU
		{0DE65573-3730-4061-9419-F4F9D447DC02}.Release|x86.Build.0 = Release|Any CPU
	EndGlobalSection
	GlobalSection(SolutionProperties) = preSolution
		HideSolutionNode = FALSE
	EndGlobalSection
	GlobalSection(NestedProjects) = preSolution
		{0DE65573-3730-4061-9419-F4F9D447DC02} = {2C0368FC-B8E0-BC35-77FC-7299F81CA8C6}
	EndGlobalSection
EndGlobal
